<Solution>
  <Folder Name="/Solution Items/">
    <File Path=".editorconfig" />
    <File Path="Directory.Build.props" />
    <File Path="README.md" />
  </Folder>
  <Folder Name="/src/">
    <Project Path="src/Queryable.Extensions/Tolitech.Queryable.Extensions.csproj" />
  </Folder>
  <Folder Name="/tests/">
    <Project Path="tests/Queryable.Extensions/Tolitech.Queryable.Extensions.UnitTests.csproj" />
  </Folder>
</Solution>
